{"1.1.0",
[{<<"amqp_client">>,{pkg,<<"amqp_client">>,<<"3.8.4">>},0},
 {<<"apns">>,
  {git,"https://github.com/inaka/apns4erl.git",
       {ref,"08a64e368088bd901eaa16c9466653128b35ef6e"}},
  1},
 {<<"base16">>,{pkg,<<"base16">>,<<"1.0.0">>},1},
 {<<"bcrypt">>,
  {git,"https://github.com/tel4vn/erlang-bcrypt.git",
       {ref,"40549bb19f433fd42148a4ddca1c4dd30af6e981"}},
  0},
 {<<"certifi">>,{pkg,<<"certifi">>,<<"2.5.1">>},1},
 {<<"cf">>,{pkg,<<"cf">>,<<"0.3.1">>},1},
 {<<"cowboy">>,{pkg,<<"cowboy">>,<<"2.8.0">>},0},
 {<<"cowlib">>,{pkg,<<"cowlib">>,<<"2.9.1">>},0},
 {<<"credentials_obfuscation">>,
  {pkg,<<"credentials_obfuscation">>,<<"2.0.0">>},
  1},
 {<<"eini">>,{pkg,<<"eini">>,<<"1.2.5">>},1},
 {<<"emqtt">>,
  {git,"https://github.com/emqx/emqtt",
       {ref,"55e50041cc5b3416067c120eadb8774f1d3d1f4a"}},
  0},
 {<<"eper">>,{pkg,<<"eper">>,<<"0.99.1">>},0},
 {<<"erlcloud">>,
  {git,"https://github.com/3exp8/erlcloud.git",
       {ref,"d3f20aa2311cdc4e76225da592012192eb169e53"}},
  0},
 {<<"erlware_commons">>,{pkg,<<"erlware_commons">>,<<"1.3.1">>},0},
 {<<"erlydtl">>,{pkg,<<"erlydtl">>,<<"0.13.1">>},0},
 {<<"gen_leader">>,
  {git,"git://github.com/jeraymond/gen_leader_revival.git",
       {ref,"a119cb9a39f94254247962bce4616b6f607cca80"}},
  1},
 {<<"getopt">>,{pkg,<<"getopt">>,<<"1.0.1">>},0},
 {<<"goldrush">>,{pkg,<<"goldrush">>,<<"0.1.8">>},1},
 {<<"gun">>,{pkg,<<"gun">>,<<"1.3.2">>},0},
 {<<"hackney">>,
  {git,"git://github.com/benoitc/hackney.git",
       {ref,"3c32f04ff0783479992a5d11ec0f4a2d09ba922a"}},
  0},
 {<<"ibrowse">>,
  {git,"git://github.com/cmullaparthi/ibrowse.git",
       {ref,"7529807170cf3c8f6a8c5c95526e670420ff591b"}},
  0},
 {<<"idna">>,{pkg,<<"idna">>,<<"6.0.0">>},1},
 {<<"iso8601">>,{pkg,<<"iso8601">>,<<"1.3.1">>},0},
 {<<"jiffy">>,
  {git,"https://github.com/davisp/jiffy.git",
       {ref,"75dd259189b1c1134f4e0c0de667da3dc67590bf"}},
  2},
 {<<"json_rec">>,
  {git,"https://github.com/zentechnhitran/json_rec.git",
       {ref,"8c72324e0f6fca8534ca733f8af03d4808f7e3be"}},
  0},
 {<<"jsx">>,
  {git,"https://github.com/talentdeficit/jsx.git",
       {ref,"e8d2e01b608e0670a4f82e35ccb5ef3f86115423"}},
  0},
 {<<"lager">>,{pkg,<<"lager">>,<<"3.2.1">>},0},
 {<<"leader_cron">>,
  {git,"https://github.com/jeraymond/leader_cron.git",
       {ref,"2a367426d2d1ea4a3ba914a9832f8ef71e2554e1"}},
  0},
 {<<"lhttpc">>,{pkg,<<"lhttpc">>,<<"1.6.2">>},1},
 {<<"metrics">>,{pkg,<<"metrics">>,<<"1.0.1">>},1},
 {<<"mimerl">>,{pkg,<<"mimerl">>,<<"1.2.0">>},1},
 {<<"mixer">>,
  {git,"git://github.com/inaka/mixer",
       {ref,"4085365521fe438ac90e0811814df7c2fee7645d"}},
  0},
 {<<"oauth2">>,
  {git,"https://github.com/kivra/oauth2.git",
       {ref,"75f62a64efcee7b7c818a6db7b9a5ab2a97f6cca"}},
  0},
 {<<"parse_trans">>,
  {git,"https://github.com/uwiger/parse_trans.git",
       {ref,"64b9b77ac57710c2da77a7b3b17664b11474e429"}},
  1},
 {<<"poolboy">>,{pkg,<<"poolboy">>,<<"1.5.2">>},0},
 {<<"qdate">>,{pkg,<<"qdate">>,<<"0.5.0">>},0},
 {<<"qdate_localtime">>,{pkg,<<"qdate_localtime">>,<<"1.1.0">>},0},
 {<<"quickrand">>,
  {git,"https://github.com/okeuday/quickrand.git",
       {ref,"6f3d611c04e1cd734e8287b358f0f458b4f88662"}},
  2},
 {<<"rabbit_common">>,{pkg,<<"rabbit_common">>,<<"3.8.4">>},0},
 {<<"ranch">>,{pkg,<<"ranch">>,<<"1.7.1">>},0},
 {<<"recon">>,{pkg,<<"recon">>,<<"2.5.1">>},0},
 {<<"redbug">>,{pkg,<<"redbug">>,<<"1.2.1">>},1},
 {<<"shotgun">>,{pkg,<<"shotgun">>,<<"0.4.1">>},0},
 {<<"ssl_verify_fun">>,{pkg,<<"ssl_verify_fun">>,<<"1.1.5">>},1},
 {<<"sumo_db">>,
  {git,"https://git.zentech.io/zentech/sumo_db.git",
       {ref,"9ed8dc8c9062e2b5d0bfb51018e1022febec87e6"}},
  0},
 {<<"sumo_db_elasticsearch">>,
  {git,"https://git.zentech.io/zentech/sumo_db_elasticsearch.git",
       {ref,"4895965b33442ccee1d1d9da0a3935e3fc004bff"}},
  0},
 {<<"sync">>,{pkg,<<"sync">>,<<"0.1.3">>},0},
 {<<"tirerl">>,
  {git,"https://github.com/emnvn/tirerl.git",
       {ref,"30bd92108ec7609eca92ba16021b9916569168b8"}},
  0},
 {<<"unicode_util_compat">>,{pkg,<<"unicode_util_compat">>,<<"0.4.1">>},2},
 {<<"uuid">>,
  {git,"https://github.com/okeuday/uuid.git",
       {ref,"fd20692d4fd6b72db029208dbc0e1a41b35de641"}},
  1},
 {<<"worker_pool">>,{pkg,<<"worker_pool">>,<<"4.0.2">>},0},
 {<<"zt_push">>,
  {git,"https://git.zentech.io/zentech/zt_push.git",
       {ref,"90b50a050711f1457165dc2b787136c79c4ec141"}},
  0},
 {<<"zt_r2r">>,
  {git,"https://github.com/3exp8/zt-r2r.git",
       {ref,"9c3de530a49b0c81d2b7c626bf7e7456fc62d630"}},
  0},
 {<<"zt_util">>,
  {git,"https://git.zentech.io/zentech/zt_util.git",
       {ref,"72f8cadb5953cfa9b51cc76df9137a12cb497a6a"}},
  0},
 {<<"zucchini">>,{pkg,<<"zucchini">>,<<"0.1.0">>},0}]}.
[
{pkg_hash,[
 {<<"amqp_client">>, <<"31F1DF5495D452F321C0275C7263A18C3BA38E1DA486CFC7271BE84F4A84AF01">>},
 {<<"base16">>, <<"283644E2B21BD5915ACB7178BED7851FB07C6E5749B8FAD68A53C501092176D9">>},
 {<<"certifi">>, <<"867CE347F7C7D78563450A18A6A28A8090331E77FA02380B4A21962A65D36EE5">>},
 {<<"cf">>, <<"5CB902239476E141EA70A740340233782D363A31EEA8AD37049561542E6CD641">>},
 {<<"cowboy">>, <<"F3DC62E35797ECD9AC1B50DB74611193C29815401E53BAC9A5C0577BD7BC667D">>},
 {<<"cowlib">>, <<"61A6C7C50CF07FDD24B2F45B89500BB93B6686579B069A89F88CB211E1125C78">>},
 {<<"credentials_obfuscation">>, <<"65425424414B91F85FEB2C8F7E09AF65E91B6E311842E4CA07F6AABE20F5E58C">>},
 {<<"eini">>, <<"98E4988474FAAF821E3511579090AF989096ADBDB5F7BFAA03AA0A9AC80296B2">>},
 {<<"eper">>, <<"A50698B6803B8732AD6575285320999FE73E160A1A9FF7EFCAB6B6F818BD2C1F">>},
 {<<"erlware_commons">>, <<"0CE192AD69BC6FD0880246D852D0ECE17631E234878011D1586E053641ED4C04">>},
 {<<"erlydtl">>, <<"91481928557544C843E2B33F8AA17693F16B65EEBC9EF08C71EBE90CBD1A84F1">>},
 {<<"getopt">>, <<"C73A9FA687B217F2FF79F68A3B637711BB1936E712B521D8CE466B29CBF7808A">>},
 {<<"goldrush">>, <<"2024BA375CEEA47E27EA70E14D2C483B2D8610101B4E852EF7F89163CDB6E649">>},
 {<<"gun">>, <<"542064CBB9F613650B8A8100B3A927505F364FBE198B7A5A112868FF43F3E477">>},
 {<<"idna">>, <<"689C46CBCDF3524C44D5F3DDE8001F364CD7608A99556D8FBD8239A5798D4C10">>},
 {<<"iso8601">>, <<"D1CEE73F56D71C35590C6B2DB2074873BF410BABAAB768F6EA566366D8CA4810">>},
 {<<"lager">>, <<"EEF4E18B39E4195D37606D9088EA05BF1B745986CF8EC84F01D332456FE88D17">>},
 {<<"lhttpc">>, <<"044F16F0018C7AA7E945E9E9406C7F6035E0B8BC08BF77B00C78CE260E1071E3">>},
 {<<"metrics">>, <<"25F094DEA2CDA98213CECC3AEFF09E940299D950904393B2A29D191C346A8486">>},
 {<<"mimerl">>, <<"67E2D3F571088D5CFD3E550C383094B47159F3EEE8FFA08E64106CDF5E981BE3">>},
 {<<"poolboy">>, <<"392B007A1693A64540CEAD79830443ABF5762F5D30CF50BC95CB2C1AAAFA006B">>},
 {<<"qdate">>, <<"6F9FB72135F40DB2D56B370E6223AD99A33B8958C3B540FE19B8DF9CF4B4A402">>},
 {<<"qdate_localtime">>, <<"5F6C3ACF10ECC5A7E2EFA3DCD2C863102B962188DBD9E086EC01D29FE029DA29">>},
 {<<"rabbit_common">>, <<"CC6BF7F8543F6C4953187C05BC6ADE62455372FAF62FC40A9D1EFFD221218FC6">>},
 {<<"ranch">>, <<"6B1FAB51B49196860B733A49C07604465A47BDB78AA10C1C16A3D199F7F8C881">>},
 {<<"recon">>, <<"430FFA60685AC1EFDFB1FE4C97B8767C92D0D92E6E7C3E8621559BA77598678A">>},
 {<<"redbug">>, <<"9153EE50E42C39CE3F6EFA65EE746F4A52896DA66862CFB59E7C0F838B7B8414">>},
 {<<"shotgun">>, <<"22384C6D61DB053F466A425052F1648E1FA15FC2DDFDD9040404089A7C90D6AD">>},
 {<<"ssl_verify_fun">>, <<"6EAF7AD16CB568BB01753DBBD7A95FF8B91C7979482B95F38443FE2C8852A79B">>},
 {<<"sync">>, <<"C5785FE1311542B76355F403B8E0B35E30DBBEE1F5E89968748CEA4D0A20D289">>},
 {<<"unicode_util_compat">>, <<"D869E4C68901DD9531385BB0C8C40444EBF624E60B6962D95952775CAC5E90CD">>},
 {<<"worker_pool">>, <<"2F021BFE11484FDAEB42F9FB7D0B8F1A5365289637283D9328D49D15815CFF4E">>},
 {<<"zucchini">>, <<"93F8508FDEF86395BB071BD582E4D844BB012F2AF3E986C4E49804E90E2B2B9F">>}]}
].
